{
    "_meta": {
        "hash": {
            "sha256": "30ade78b88384045eb0549579e7d769820d39e8c2b392eedaef2fdf78baab1da"
        },
        "pipfile-spec": 6,
        "requires": {
            "python_version": "3.8"
        },
        "sources": [
            {
                "name": "pypi",
                "url": "https://pypi.python.org/simple",
                "verify_ssl": true
            }
        ]
    },
    "default": {
        "django": {
            "hashes": [
                "sha256:7f246078d5a546f63c28fc03ce71f4d7a23677ce42109219c24c9ffb28416137",
                "sha256:ea50d85709708621d956187c6b61d9f9ce155007b496dd914fdb35db8d790aec"
            ],
            "index": "pypi",
            "version": "==2.1"
        },
        "django.apps": {
            "hashes": [
                "sha256:bc882206fbd0a9e92f92903de47ea54cb084ef39aa2368b849d67672e4bd499e"
            ],
            "index": "pypi",
            "version": "==0.1.0"
        },
        "pytz": {
            "hashes": [
                "sha256:01a0681c4b9684a28304615eba55d1ab31ae00bf68ec157ec3708a8182dbbcd0",
                "sha256:78f4f37d8198e0627c5f1143240bb0206b8691d8d7ac6d78fee88b78733f8c4a"
            ],
            "version": "==2022.7.1"
        }
    },
    "develop": {}
}
